// !$*UTF8*$!
{
	archiveVersion = 1;
	classes = {
	};
	objectVersion = 56;
	objects = {

/* Begin PBXBuildFile section */
		9015877C2BF58C82001B1FA9 /* SucessoMatchViewController.swift in Sources */ = {isa = PBXBuildFile; fileRef = 9015877B2BF58C82001B1FA9 /* SucessoMatchViewController.swift */; };
		902758B32BF0787D00230B6C /* FormacaoViewController.swift in Sources */ = {isa = PBXBuildFile; fileRef = 902758B22BF0787D00230B6C /* FormacaoViewController.swift */; };
		903EACBB2BF02CD400353FA0 /* habilidades.json in Resources */ = {isa = PBXBuildFile; fileRef = 903EACBA2BF02CD400353FA0 /* habilidades.json */; };
		903EACBD2BF02F1500353FA0 /* HabilidadeViewController.swift in Sources */ = {isa = PBXBuildFile; fileRef = 903EACBC2BF02F1500353FA0 /* HabilidadeViewController.swift */; };
		903EACC02BF046C500353FA0 /* ExperienciaViewController.swift in Sources */ = {isa = PBXBuildFile; fileRef = 903EACBF2BF046C500353FA0 /* ExperienciaViewController.swift */; };
		903EACC22BF054F800353FA0 /* InteresseViewController.swift in Sources */ = {isa = PBXBuildFile; fileRef = 903EACC12BF054F800353FA0 /* InteresseViewController.swift */; };
		904447422BE9A803006E67B2 /* AppDelegate.swift in Sources */ = {isa = PBXBuildFile; fileRef = 904447412BE9A803006E67B2 /* AppDelegate.swift */; };
		904447442BE9A803006E67B2 /* SceneDelegate.swift in Sources */ = {isa = PBXBuildFile; fileRef = 904447432BE9A803006E67B2 /* SceneDelegate.swift */; };
		904447462BE9A803006E67B2 /* ViewController.swift in Sources */ = {isa = PBXBuildFile; fileRef = 904447452BE9A803006E67B2 /* ViewController.swift */; };
		904447492BE9A803006E67B2 /* Base in Resources */ = {isa = PBXBuildFile; fileRef = 904447482BE9A803006E67B2 /* Base */; };
		9044474B2BE9A804006E67B2 /* Assets.xcassets in Resources */ = {isa = PBXBuildFile; fileRef = 9044474A2BE9A804006E67B2 /* Assets.xcassets */; };
		9044474E2BE9A804006E67B2 /* Base in Resources */ = {isa = PBXBuildFile; fileRef = 9044474D2BE9A804006E67B2 /* Base */; };
		904447592BE9A804006E67B2 /* sensei_iaTests.swift in Sources */ = {isa = PBXBuildFile; fileRef = 904447582BE9A804006E67B2 /* sensei_iaTests.swift */; };
		904447632BE9A804006E67B2 /* sensei_iaUITests.swift in Sources */ = {isa = PBXBuildFile; fileRef = 904447622BE9A804006E67B2 /* sensei_iaUITests.swift */; };
		904447652BE9A804006E67B2 /* sensei_iaUITestsLaunchTests.swift in Sources */ = {isa = PBXBuildFile; fileRef = 904447642BE9A804006E67B2 /* sensei_iaUITestsLaunchTests.swift */; };
		904447722BE9A943006E67B2 /* LoginViewController.swift in Sources */ = {isa = PBXBuildFile; fileRef = 904447712BE9A943006E67B2 /* LoginViewController.swift */; };
		904447742BE9A953006E67B2 /* RegistroViewController.swift in Sources */ = {isa = PBXBuildFile; fileRef = 904447732BE9A953006E67B2 /* RegistroViewController.swift */; };
		904447792BE9B5CC006E67B2 /* FirebaseAuth in Frameworks */ = {isa = PBXBuildFile; productRef = 904447782BE9B5CC006E67B2 /* FirebaseAuth */; };
		9044477D2BE9B9CF006E67B2 /* GoogleService-Info.plist in Resources */ = {isa = PBXBuildFile; fileRef = 9044477C2BE9B9CF006E67B2 /* GoogleService-Info.plist */; };
		904A50222BF9BB6800D4E42F /* localizacao.json in Resources */ = {isa = PBXBuildFile; fileRef = 904A50212BF9BB6800D4E42F /* localizacao.json */; };
		908605192BF5A2AB002D7BF6 /* PerfilViewController.swift in Sources */ = {isa = PBXBuildFile; fileRef = 908605182BF5A2AB002D7BF6 /* PerfilViewController.swift */; };
		90A282362BF2FA9B000E36CC /* mentores.json in Resources */ = {isa = PBXBuildFile; fileRef = 90A282342BF2FA9A000E36CC /* mentores.json */; };
		90A282372BF2FA9B000E36CC /* aprendizes.json in Resources */ = {isa = PBXBuildFile; fileRef = 90A282352BF2FA9A000E36CC /* aprendizes.json */; };
		90B6E3F62BF2D61C00237E95 /* Usuario.swift in Sources */ = {isa = PBXBuildFile; fileRef = 90B6E3F52BF2D61C00237E95 /* Usuario.swift */; };
		90EF49082BF1162600ABE5B8 /* MatchViewController.swift in Sources */ = {isa = PBXBuildFile; fileRef = 90EF49072BF1162600ABE5B8 /* MatchViewController.swift */; };
		90F3664C2BED9B0100A83D51 /* PesquisaViewController.swift in Sources */ = {isa = PBXBuildFile; fileRef = 90F3664B2BED9B0100A83D51 /* PesquisaViewController.swift */; };
		90F3664E2BED9B2700A83D51 /* PesquisaTableViewCell.swift in Sources */ = {isa = PBXBuildFile; fileRef = 90F3664D2BED9B2700A83D51 /* PesquisaTableViewCell.swift */; };
/* End PBXBuildFile section */

/* Begin PBXContainerItemProxy section */
		904447552BE9A804006E67B2 /* PBXContainerItemProxy */ = {
			isa = PBXContainerItemProxy;
			containerPortal = 904447362BE9A803006E67B2 /* Project object */;
			proxyType = 1;
			remoteGlobalIDString = 9044473D2BE9A803006E67B2;
			remoteInfo = sensei.ia;
		};
		9044475F2BE9A804006E67B2 /* PBXContainerItemProxy */ = {
			isa = PBXContainerItemProxy;
			containerPortal = 904447362BE9A803006E67B2 /* Project object */;
			proxyType = 1;
			remoteGlobalIDString = 9044473D2BE9A803006E67B2;
			remoteInfo = sensei.ia;
		};
/* End PBXContainerItemProxy section */

/* Begin PBXFileReference section */
		9015877B2BF58C82001B1FA9 /* SucessoMatchViewController.swift */ = {isa = PBXFileReference; lastKnownFileType = sourcecode.swift; path = SucessoMatchViewController.swift; sourceTree = "<group>"; };
		902758B22BF0787D00230B6C /* FormacaoViewController.swift */ = {isa = PBXFileReference; lastKnownFileType = sourcecode.swift; path = FormacaoViewController.swift; sourceTree = "<group>"; };
		903EACBA2BF02CD400353FA0 /* habilidades.json */ = {isa = PBXFileReference; fileEncoding = 4; lastKnownFileType = text.json; name = habilidades.json; path = ../../../Downloads/habilidades.json; sourceTree = "<group>"; };
		903EACBC2BF02F1500353FA0 /* HabilidadeViewController.swift */ = {isa = PBXFileReference; lastKnownFileType = sourcecode.swift; path = HabilidadeViewController.swift; sourceTree = "<group>"; };
		903EACBF2BF046C500353FA0 /* ExperienciaViewController.swift */ = {isa = PBXFileReference; lastKnownFileType = sourcecode.swift; path = ExperienciaViewController.swift; sourceTree = "<group>"; };
		903EACC12BF054F800353FA0 /* InteresseViewController.swift */ = {isa = PBXFileReference; lastKnownFileType = sourcecode.swift; path = InteresseViewController.swift; sourceTree = "<group>"; };
		9044473E2BE9A803006E67B2 /* sensei.ia.app */ = {isa = PBXFileReference; explicitFileType = wrapper.application; includeInIndex = 0; path = sensei.ia.app; sourceTree = BUILT_PRODUCTS_DIR; };
		904447412BE9A803006E67B2 /* AppDelegate.swift */ = {isa = PBXFileReference; lastKnownFileType = sourcecode.swift; path = AppDelegate.swift; sourceTree = "<group>"; };
		904447432BE9A803006E67B2 /* SceneDelegate.swift */ = {isa = PBXFileReference; lastKnownFileType = sourcecode.swift; path = SceneDelegate.swift; sourceTree = "<group>"; };
		904447452BE9A803006E67B2 /* ViewController.swift */ = {isa = PBXFileReference; lastKnownFileType = sourcecode.swift; path = ViewController.swift; sourceTree = "<group>"; };
		904447482BE9A803006E67B2 /* Base */ = {isa = PBXFileReference; lastKnownFileType = file.storyboard; name = Base; path = Base.lproj/Main.storyboard; sourceTree = "<group>"; };
		9044474A2BE9A804006E67B2 /* Assets.xcassets */ = {isa = PBXFileReference; lastKnownFileType = folder.assetcatalog; path = Assets.xcassets; sourceTree = "<group>"; };
		9044474D2BE9A804006E67B2 /* Base */ = {isa = PBXFileReference; lastKnownFileType = file.storyboard; name = Base; path = Base.lproj/LaunchScreen.storyboard; sourceTree = "<group>"; };
		9044474F2BE9A804006E67B2 /* Info.plist */ = {isa = PBXFileReference; lastKnownFileType = text.plist.xml; path = Info.plist; sourceTree = "<group>"; };
		904447542BE9A804006E67B2 /* sensei.iaTests.xctest */ = {isa = PBXFileReference; explicitFileType = wrapper.cfbundle; includeInIndex = 0; path = sensei.iaTests.xctest; sourceTree = BUILT_PRODUCTS_DIR; };
		904447582BE9A804006E67B2 /* sensei_iaTests.swift */ = {isa = PBXFileReference; lastKnownFileType = sourcecode.swift; path = sensei_iaTests.swift; sourceTree = "<group>"; };
		9044475E2BE9A804006E67B2 /* sensei.iaUITests.xctest */ = {isa = PBXFileReference; explicitFileType = wrapper.cfbundle; includeInIndex = 0; path = sensei.iaUITests.xctest; sourceTree = BUILT_PRODUCTS_DIR; };
		904447622BE9A804006E67B2 /* sensei_iaUITests.swift */ = {isa = PBXFileReference; lastKnownFileType = sourcecode.swift; path = sensei_iaUITests.swift; sourceTree = "<group>"; };
		904447642BE9A804006E67B2 /* sensei_iaUITestsLaunchTests.swift */ = {isa = PBXFileReference; lastKnownFileType = sourcecode.swift; path = sensei_iaUITestsLaunchTests.swift; sourceTree = "<group>"; };
		904447712BE9A943006E67B2 /* LoginViewController.swift */ = {isa = PBXFileReference; lastKnownFileType = sourcecode.swift; path = LoginViewController.swift; sourceTree = "<group>"; };
		904447732BE9A953006E67B2 /* RegistroViewController.swift */ = {isa = PBXFileReference; lastKnownFileType = sourcecode.swift; path = RegistroViewController.swift; sourceTree = "<group>"; };
		9044477C2BE9B9CF006E67B2 /* GoogleService-Info.plist */ = {isa = PBXFileReference; fileEncoding = 4; lastKnownFileType = text.plist.xml; name = "GoogleService-Info.plist"; path = "../../../Downloads/GoogleService-Info.plist"; sourceTree = "<group>"; };
		904A50212BF9BB6800D4E42F /* localizacao.json */ = {isa = PBXFileReference; fileEncoding = 4; lastKnownFileType = text.json; name = localizacao.json; path = ../../../Downloads/localizacao.json; sourceTree = "<group>"; };
		908605182BF5A2AB002D7BF6 /* PerfilViewController.swift */ = {isa = PBXFileReference; lastKnownFileType = sourcecode.swift; path = PerfilViewController.swift; sourceTree = "<group>"; };
		90A282342BF2FA9A000E36CC /* mentores.json */ = {isa = PBXFileReference; fileEncoding = 4; lastKnownFileType = text.json; name = mentores.json; path = ../../../Downloads/mentores.json; sourceTree = "<group>"; };
		90A282352BF2FA9A000E36CC /* aprendizes.json */ = {isa = PBXFileReference; fileEncoding = 4; lastKnownFileType = text.json; name = aprendizes.json; path = ../../../Downloads/aprendizes.json; sourceTree = "<group>"; };
		90B6E3F52BF2D61C00237E95 /* Usuario.swift */ = {isa = PBXFileReference; lastKnownFileType = sourcecode.swift; path = Usuario.swift; sourceTree = "<group>"; };
		90EF49072BF1162600ABE5B8 /* MatchViewController.swift */ = {isa = PBXFileReference; lastKnownFileType = sourcecode.swift; path = MatchViewController.swift; sourceTree = "<group>"; };
		90F3664B2BED9B0100A83D51 /* PesquisaViewController.swift */ = {isa = PBXFileReference; lastKnownFileType = sourcecode.swift; path = PesquisaViewController.swift; sourceTree = "<group>"; };
		90F3664D2BED9B2700A83D51 /* PesquisaTableViewCell.swift */ = {isa = PBXFileReference; lastKnownFileType = sourcecode.swift; path = PesquisaTableViewCell.swift; sourceTree = "<group>"; };
/* End PBXFileReference section */

/* Begin PBXFrameworksBuildPhase section */
		9044473B2BE9A803006E67B2 /* Frameworks */ = {
			isa = PBXFrameworksBuildPhase;
			buildActionMask = 2147483647;
			files = (
				904447792BE9B5CC006E67B2 /* FirebaseAuth in Frameworks */,
			);
			runOnlyForDeploymentPostprocessing = 0;
		};
		904447512BE9A804006E67B2 /* Frameworks */ = {
			isa = PBXFrameworksBuildPhase;
			buildActionMask = 2147483647;
			files = (
			);
			runOnlyForDeploymentPostprocessing = 0;
		};
		9044475B2BE9A804006E67B2 /* Frameworks */ = {
			isa = PBXFrameworksBuildPhase;
			buildActionMask = 2147483647;
			files = (
			);
			runOnlyForDeploymentPostprocessing = 0;
		};
/* End PBXFrameworksBuildPhase section */

/* Begin PBXGroup section */
		904447352BE9A803006E67B2 = {
			isa = PBXGroup;
			children = (
				904447402BE9A803006E67B2 /* sensei.ia */,
				904447572BE9A804006E67B2 /* sensei.iaTests */,
				904447612BE9A804006E67B2 /* sensei.iaUITests */,
				9044473F2BE9A803006E67B2 /* Products */,
			);
			sourceTree = "<group>";
		};
		9044473F2BE9A803006E67B2 /* Products */ = {
			isa = PBXGroup;
			children = (
				9044473E2BE9A803006E67B2 /* sensei.ia.app */,
				904447542BE9A804006E67B2 /* sensei.iaTests.xctest */,
				9044475E2BE9A804006E67B2 /* sensei.iaUITests.xctest */,
			);
			name = Products;
			sourceTree = "<group>";
		};
		904447402BE9A803006E67B2 /* sensei.ia */ = {
			isa = PBXGroup;
			children = (
				90A282342BF2FA9A000E36CC /* mentores.json */,
				90A282352BF2FA9A000E36CC /* aprendizes.json */,
				903EACBA2BF02CD400353FA0 /* habilidades.json */,
				904A50212BF9BB6800D4E42F /* localizacao.json */,
				904447452BE9A803006E67B2 /* ViewController.swift */,
				904447412BE9A803006E67B2 /* AppDelegate.swift */,
				904447432BE9A803006E67B2 /* SceneDelegate.swift */,
				904447472BE9A803006E67B2 /* Main.storyboard */,
				908605182BF5A2AB002D7BF6 /* PerfilViewController.swift */,
				90B6E3F52BF2D61C00237E95 /* Usuario.swift */,
				904447712BE9A943006E67B2 /* LoginViewController.swift */,
				904447732BE9A953006E67B2 /* RegistroViewController.swift */,
				903EACBC2BF02F1500353FA0 /* HabilidadeViewController.swift */,
				903EACBF2BF046C500353FA0 /* ExperienciaViewController.swift */,
				903EACC12BF054F800353FA0 /* InteresseViewController.swift */,
				902758B22BF0787D00230B6C /* FormacaoViewController.swift */,
				90EF49072BF1162600ABE5B8 /* MatchViewController.swift */,
				9015877B2BF58C82001B1FA9 /* SucessoMatchViewController.swift */,
				90F3664B2BED9B0100A83D51 /* PesquisaViewController.swift */,
				90F3664D2BED9B2700A83D51 /* PesquisaTableViewCell.swift */,
				9044474A2BE9A804006E67B2 /* Assets.xcassets */,
				9044474C2BE9A804006E67B2 /* LaunchScreen.storyboard */,
				9044474F2BE9A804006E67B2 /* Info.plist */,
				9044477C2BE9B9CF006E67B2 /* GoogleService-Info.plist */,
			);
			path = sensei.ia;
			sourceTree = "<group>";
		};
		904447572BE9A804006E67B2 /* sensei.iaTests */ = {
			isa = PBXGroup;
			children = (
				904447582BE9A804006E67B2 /* sensei_iaTests.swift */,
			);
			path = sensei.iaTests;
			sourceTree = "<group>";
		};
		904447612BE9A804006E67B2 /* sensei.iaUITests */ = {
			isa = PBXGroup;
			children = (
				904447622BE9A804006E67B2 /* sensei_iaUITests.swift */,
				904447642BE9A804006E67B2 /* sensei_iaUITestsLaunchTests.swift */,
			);
			path = sensei.iaUITests;
			sourceTree = "<group>";
		};
/* End PBXGroup section */

/* Begin PBXNativeTarget section */
		9044473D2BE9A803006E67B2 /* sensei.ia */ = {
			isa = PBXNativeTarget;
			buildConfigurationList = 904447682BE9A804006E67B2 /* Build configuration list for PBXNativeTarget "sensei.ia" */;
			buildPhases = (
				9044473A2BE9A803006E67B2 /* Sources */,
				9044473B2BE9A803006E67B2 /* Frameworks */,
				9044473C2BE9A803006E67B2 /* Resources */,
			);
			buildRules = (
			);
			dependencies = (
			);
			name = sensei.ia;
			packageProductDependencies = (
				904447782BE9B5CC006E67B2 /* FirebaseAuth */,
			);
			productName = sensei.ia;
			productReference = 9044473E2BE9A803006E67B2 /* sensei.ia.app */;
			productType = "com.apple.product-type.application";
		};
		904447532BE9A804006E67B2 /* sensei.iaTests */ = {
			isa = PBXNativeTarget;
			buildConfigurationList = 9044476B2BE9A804006E67B2 /* Build configuration list for PBXNativeTarget "sensei.iaTests" */;
			buildPhases = (
				904447502BE9A804006E67B2 /* Sources */,
				904447512BE9A804006E67B2 /* Frameworks */,
				904447522BE9A804006E67B2 /* Resources */,
			);
			buildRules = (
			);
			dependencies = (
				904447562BE9A804006E67B2 /* PBXTargetDependency */,
			);
			name = sensei.iaTests;
			productName = sensei.iaTests;
			productReference = 904447542BE9A804006E67B2 /* sensei.iaTests.xctest */;
			productType = "com.apple.product-type.bundle.unit-test";
		};
		9044475D2BE9A804006E67B2 /* sensei.iaUITests */ = {
			isa = PBXNativeTarget;
			buildConfigurationList = 9044476E2BE9A804006E67B2 /* Build configuration list for PBXNativeTarget "sensei.iaUITests" */;
			buildPhases = (
				9044475A2BE9A804006E67B2 /* Sources */,
				9044475B2BE9A804006E67B2 /* Frameworks */,
				9044475C2BE9A804006E67B2 /* Resources */,
			);
			buildRules = (
			);
			dependencies = (
				904447602BE9A804006E67B2 /* PBXTargetDependency */,
			);
			name = sensei.iaUITests;
			productName = sensei.iaUITests;
			productReference = 9044475E2BE9A804006E67B2 /* sensei.iaUITests.xctest */;
			productType = "com.apple.product-type.bundle.ui-testing";
		};
/* End PBXNativeTarget section */

/* Begin PBXProject section */
		904447362BE9A803006E67B2 /* Project object */ = {
			isa = PBXProject;
			attributes = {
				BuildIndependentTargetsInParallel = 1;
				LastSwiftUpdateCheck = 1530;
				LastUpgradeCheck = 1530;
				TargetAttributes = {
					9044473D2BE9A803006E67B2 = {
						CreatedOnToolsVersion = 15.3;
					};
					904447532BE9A804006E67B2 = {
						CreatedOnToolsVersion = 15.3;
						TestTargetID = 9044473D2BE9A803006E67B2;
					};
					9044475D2BE9A804006E67B2 = {
						CreatedOnToolsVersion = 15.3;
						TestTargetID = 9044473D2BE9A803006E67B2;
					};
				};
			};
			buildConfigurationList = 904447392BE9A803006E67B2 /* Build configuration list for PBXProject "sensei.ia" */;
			compatibilityVersion = "Xcode 14.0";
			developmentRegion = en;
			hasScannedForEncodings = 0;
			knownRegions = (
				en,
				Base,
			);
			mainGroup = 904447352BE9A803006E67B2;
			packageReferences = (
				904447772BE9B5CC006E67B2 /* XCRemoteSwiftPackageReference "firebase-ios-sdk" */,
			);
			productRefGroup = 9044473F2BE9A803006E67B2 /* Products */;
			projectDirPath = "";
			projectRoot = "";
			targets = (
				9044473D2BE9A803006E67B2 /* sensei.ia */,
				904447532BE9A804006E67B2 /* sensei.iaTests */,
				9044475D2BE9A804006E67B2 /* sensei.iaUITests */,
			);
		};
/* End PBXProject section */

/* Begin PBXResourcesBuildPhase section */
		9044473C2BE9A803006E67B2 /* Resources */ = {
			isa = PBXResourcesBuildPhase;
			buildActionMask = 2147483647;
			files = (
				9044474B2BE9A804006E67B2 /* Assets.xcassets in Resources */,
				9044477D2BE9B9CF006E67B2 /* GoogleService-Info.plist in Resources */,
				904A50222BF9BB6800D4E42F /* localizacao.json in Resources */,
				90A282362BF2FA9B000E36CC /* mentores.json in Resources */,
				9044474E2BE9A804006E67B2 /* Base in Resources */,
				903EACBB2BF02CD400353FA0 /* habilidades.json in Resources */,
				90A282372BF2FA9B000E36CC /* aprendizes.json in Resources */,
				904447492BE9A803006E67B2 /* Base in Resources */,
			);
			runOnlyForDeploymentPostprocessing = 0;
		};
		904447522BE9A804006E67B2 /* Resources */ = {
			isa = PBXResourcesBuildPhase;
			buildActionMask = 2147483647;
			files = (
			);
			runOnlyForDeploymentPostprocessing = 0;
		};
		9044475C2BE9A804006E67B2 /* Resources */ = {
			isa = PBXResourcesBuildPhase;
			buildActionMask = 2147483647;
			files = (
			);
			runOnlyForDeploymentPostprocessing = 0;
		};
/* End PBXResourcesBuildPhase section */

/* Begin PBXSourcesBuildPhase section */
		9044473A2BE9A803006E67B2 /* Sources */ = {
			isa = PBXSourcesBuildPhase;
			buildActionMask = 2147483647;
			files = (
				90B6E3F62BF2D61C00237E95 /* Usuario.swift in Sources */,
				90EF49082BF1162600ABE5B8 /* MatchViewController.swift in Sources */,
				904447722BE9A943006E67B2 /* LoginViewController.swift in Sources */,
				90F3664C2BED9B0100A83D51 /* PesquisaViewController.swift in Sources */,
				902758B32BF0787D00230B6C /* FormacaoViewController.swift in Sources */,
				904447462BE9A803006E67B2 /* ViewController.swift in Sources */,
				904447422BE9A803006E67B2 /* AppDelegate.swift in Sources */,
				904447742BE9A953006E67B2 /* RegistroViewController.swift in Sources */,
				903EACC22BF054F800353FA0 /* InteresseViewController.swift in Sources */,
				908605192BF5A2AB002D7BF6 /* PerfilViewController.swift in Sources */,
				903EACC02BF046C500353FA0 /* ExperienciaViewController.swift in Sources */,
				904447442BE9A803006E67B2 /* SceneDelegate.swift in Sources */,
				90F3664E2BED9B2700A83D51 /* PesquisaTableViewCell.swift in Sources */,
				9015877C2BF58C82001B1FA9 /* SucessoMatchViewController.swift in Sources */,
				903EACBD2BF02F1500353FA0 /* HabilidadeViewController.swift in Sources */,
			);
			runOnlyForDeploymentPostprocessing = 0;
		};
		904447502BE9A804006E67B2 /* Sources */ = {
			isa = PBXSourcesBuildPhase;
			buildActionMask = 2147483647;
			files = (
				904447592BE9A804006E67B2 /* sensei_iaTests.swift in Sources */,
			);
			runOnlyForDeploymentPostprocessing = 0;
		};
		9044475A2BE9A804006E67B2 /* Sources */ = {
			isa = PBXSourcesBuildPhase;
			buildActionMask = 2147483647;
			files = (
				904447632BE9A804006E67B2 /* sensei_iaUITests.swift in Sources */,
				904447652BE9A804006E67B2 /* sensei_iaUITestsLaunchTests.swift in Sources */,
			);
			runOnlyForDeploymentPostprocessing = 0;
		};
/* End PBXSourcesBuildPhase section */

/* Begin PBXTargetDependency section */
		904447562BE9A804006E67B2 /* PBXTargetDependency */ = {
			isa = PBXTargetDependency;
			target = 9044473D2BE9A803006E67B2 /* sensei.ia */;
			targetProxy = 904447552BE9A804006E67B2 /* PBXContainerItemProxy */;
		};
		904447602BE9A804006E67B2 /* PBXTargetDependency */ = {
			isa = PBXTargetDependency;
			target = 9044473D2BE9A803006E67B2 /* sensei.ia */;
			targetProxy = 9044475F2BE9A804006E67B2 /* PBXContainerItemProxy */;
		};
/* End PBXTargetDependency section */

/* Begin PBXVariantGroup section */
		904447472BE9A803006E67B2 /* Main.storyboard */ = {
			isa = PBXVariantGroup;
			children = (
				904447482BE9A803006E67B2 /* Base */,
			);
			name = Main.storyboard;
			sourceTree = "<group>";
		};
		9044474C2BE9A804006E67B2 /* LaunchScreen.storyboard */ = {
			isa = PBXVariantGroup;
			children = (
				9044474D2BE9A804006E67B2 /* Base */,
			);
			name = LaunchScreen.storyboard;
			sourceTree = "<group>";
		};
/* End PBXVariantGroup section */

/* Begin XCBuildConfiguration section */
		904447662BE9A804006E67B2 /* Debug */ = {
			isa = XCBuildConfiguration;
			buildSettings = {
				ALWAYS_SEARCH_USER_PATHS = NO;
				ASSETCATALOG_COMPILER_GENERATE_SWIFT_ASSET_SYMBOL_EXTENSIONS = YES;
				CLANG_ANALYZER_NONNULL = YES;
				CLANG_ANALYZER_NUMBER_OBJECT_CONVERSION = YES_AGGRESSIVE;
				CLANG_CXX_LANGUAGE_STANDARD = "gnu++20";
				CLANG_ENABLE_MODULES = YES;
				CLANG_ENABLE_OBJC_ARC = YES;
				CLANG_ENABLE_OBJC_WEAK = YES;
				CLANG_WARN_BLOCK_CAPTURE_AUTORELEASING = YES;
				CLANG_WARN_BOOL_CONVERSION = YES;
				CLANG_WARN_COMMA = YES;
				CLANG_WARN_CONSTANT_CONVERSION = YES;
				CLANG_WARN_DEPRECATED_OBJC_IMPLEMENTATIONS = YES;
				CLANG_WARN_DIRECT_OBJC_ISA_USAGE = YES_ERROR;
				CLANG_WARN_DOCUMENTATION_COMMENTS = YES;
				CLANG_WARN_EMPTY_BODY = YES;
				CLANG_WARN_ENUM_CONVERSION = YES;
				CLANG_WARN_INFINITE_RECURSION = YES;
				CLANG_WARN_INT_CONVERSION = YES;
				CLANG_WARN_NON_LITERAL_NULL_CONVERSION = YES;
				CLANG_WARN_OBJC_IMPLICIT_RETAIN_SELF = YES;
				CLANG_WARN_OBJC_LITERAL_CONVERSION = YES;
				CLANG_WARN_OBJC_ROOT_CLASS = YES_ERROR;
				CLANG_WARN_QUOTED_INCLUDE_IN_FRAMEWORK_HEADER = YES;
				CLANG_WARN_RANGE_LOOP_ANALYSIS = YES;
				CLANG_WARN_STRICT_PROTOTYPES = YES;
				CLANG_WARN_SUSPICIOUS_MOVE = YES;
				CLANG_WARN_UNGUARDED_AVAILABILITY = YES_AGGRESSIVE;
				CLANG_WARN_UNREACHABLE_CODE = YES;
				CLANG_WARN__DUPLICATE_METHOD_MATCH = YES;
				COPY_PHASE_STRIP = NO;
				DEBUG_INFORMATION_FORMAT = dwarf;
				ENABLE_STRICT_OBJC_MSGSEND = YES;
				ENABLE_TESTABILITY = YES;
				ENABLE_USER_SCRIPT_SANDBOXING = YES;
				GCC_C_LANGUAGE_STANDARD = gnu17;
				GCC_DYNAMIC_NO_PIC = NO;
				GCC_NO_COMMON_BLOCKS = YES;
				GCC_OPTIMIZATION_LEVEL = 0;
				GCC_PREPROCESSOR_DEFINITIONS = (
					"DEBUG=1",
					"$(inherited)",
				);
				GCC_WARN_64_TO_32_BIT_CONVERSION = YES;
				GCC_WARN_ABOUT_RETURN_TYPE = YES_ERROR;
				GCC_WARN_UNDECLARED_SELECTOR = YES;
				GCC_WARN_UNINITIALIZED_AUTOS = YES_AGGRESSIVE;
				GCC_WARN_UNUSED_FUNCTION = YES;
				GCC_WARN_UNUSED_VARIABLE = YES;
				IPHONEOS_DEPLOYMENT_TARGET = 17.4;
				LOCALIZATION_PREFERS_STRING_CATALOGS = YES;
				MTL_ENABLE_DEBUG_INFO = INCLUDE_SOURCE;
				MTL_FAST_MATH = YES;
				ONLY_ACTIVE_ARCH = YES;
				SDKROOT = iphoneos;
				SWIFT_ACTIVE_COMPILATION_CONDITIONS = "DEBUG $(inherited)";
				SWIFT_OPTIMIZATION_LEVEL = "-Onone";
			};
			name = Debug;
		};
		904447672BE9A804006E67B2 /* Release */ = {
			isa = XCBuildConfiguration;
			buildSettings = {
				ALWAYS_SEARCH_USER_PATHS = NO;
				ASSETCATALOG_COMPILER_GENERATE_SWIFT_ASSET_SYMBOL_EXTENSIONS = YES;
				CLANG_ANALYZER_NONNULL = YES;
				CLANG_ANALYZER_NUMBER_OBJECT_CONVERSION = YES_AGGRESSIVE;
				CLANG_CXX_LANGUAGE_STANDARD = "gnu++20";
				CLANG_ENABLE_MODULES = YES;
				CLANG_ENABLE_OBJC_ARC = YES;
				CLANG_ENABLE_OBJC_WEAK = YES;
				CLANG_WARN_BLOCK_CAPTURE_AUTORELEASING = YES;
				CLANG_WARN_BOOL_CONVERSION = YES;
				CLANG_WARN_COMMA = YES;
				CLANG_WARN_CONSTANT_CONVERSION = YES;
				CLANG_WARN_DEPRECATED_OBJC_IMPLEMENTATIONS = YES;
				CLANG_WARN_DIRECT_OBJC_ISA_USAGE = YES_ERROR;
				CLANG_WARN_DOCUMENTATION_COMMENTS = YES;
				CLANG_WARN_EMPTY_BODY = YES;
				CLANG_WARN_ENUM_CONVERSION = YES;
				CLANG_WARN_INFINITE_RECURSION = YES;
				CLANG_WARN_INT_CONVERSION = YES;
				CLANG_WARN_NON_LITERAL_NULL_CONVERSION = YES;
				CLANG_WARN_OBJC_IMPLICIT_RETAIN_SELF = YES;
				CLANG_WARN_OBJC_LITERAL_CONVERSION = YES;
				CLANG_WARN_OBJC_ROOT_CLASS = YES_ERROR;
				CLANG_WARN_QUOTED_INCLUDE_IN_FRAMEWORK_HEADER = YES;
				CLANG_WARN_RANGE_LOOP_ANALYSIS = YES;
				CLANG_WARN_STRICT_PROTOTYPES = YES;
				CLANG_WARN_SUSPICIOUS_MOVE = YES;
				CLANG_WARN_UNGUARDED_AVAILABILITY = YES_AGGRESSIVE;
				CLANG_WARN_UNREACHABLE_CODE = YES;
				CLANG_WARN__DUPLICATE_METHOD_MATCH = YES;
				COPY_PHASE_STRIP = NO;
				DEBUG_INFORMATION_FORMAT = "dwarf-with-dsym";
				ENABLE_NS_ASSERTIONS = NO;
				ENABLE_STRICT_OBJC_MSGSEND = YES;
				ENABLE_USER_SCRIPT_SANDBOXING = YES;
				GCC_C_LANGUAGE_STANDARD = gnu17;
				GCC_NO_COMMON_BLOCKS = YES;
				GCC_WARN_64_TO_32_BIT_CONVERSION = YES;
				GCC_WARN_ABOUT_RETURN_TYPE = YES_ERROR;
				GCC_WARN_UNDECLARED_SELECTOR = YES;
				GCC_WARN_UNINITIALIZED_AUTOS = YES_AGGRESSIVE;
				GCC_WARN_UNUSED_FUNCTION = YES;
				GCC_WARN_UNUSED_VARIABLE = YES;
				IPHONEOS_DEPLOYMENT_TARGET = 17.4;
				LOCALIZATION_PREFERS_STRING_CATALOGS = YES;
				MTL_ENABLE_DEBUG_INFO = NO;
				MTL_FAST_MATH = YES;
				SDKROOT = iphoneos;
				SWIFT_COMPILATION_MODE = wholemodule;
				VALIDATE_PRODUCT = YES;
			};
			name = Release;
		};
		904447692BE9A804006E67B2 /* Debug */ = {
			isa = XCBuildConfiguration;
			buildSettings = {
				ASSETCATALOG_COMPILER_APPICON_NAME = AppIcon;
				ASSETCATALOG_COMPILER_GLOBAL_ACCENT_COLOR_NAME = AccentColor;
				CODE_SIGN_STYLE = Automatic;
				CURRENT_PROJECT_VERSION = 1;
				GENERATE_INFOPLIST_FILE = YES;
				INFOPLIST_FILE = sensei.ia/Info.plist;
				INFOPLIST_KEY_UIApplicationSupportsIndirectInputEvents = YES;
				INFOPLIST_KEY_UILaunchStoryboardName = LaunchScreen;
				INFOPLIST_KEY_UIMainStoryboardFile = Main;
				INFOPLIST_KEY_UISupportedInterfaceOrientations_iPad = "UIInterfaceOrientationPortrait UIInterfaceOrientationPortraitUpsideDown UIInterfaceOrientationLandscapeLeft UIInterfaceOrientationLandscapeRight";
				INFOPLIST_KEY_UISupportedInterfaceOrientations_iPhone = "UIInterfaceOrientationPortrait UIInterfaceOrientationLandscapeLeft UIInterfaceOrientationLandscapeRight";
				LD_RUNPATH_SEARCH_PATHS = (
					"$(inherited)",
					"@executable_path/Frameworks",
				);
				MARKETING_VERSION = 1.0;
				PRODUCT_BUNDLE_IDENTIFIER = "com.fiap.sensei-ia";
				PRODUCT_NAME = "$(TARGET_NAME)";
				SWIFT_EMIT_LOC_STRINGS = YES;
				SWIFT_VERSION = 5.0;
				TARGETED_DEVICE_FAMILY = "1,2";
			};
			name = Debug;
		};
		9044476A2BE9A804006E67B2 /* Release */ = {
			isa = XCBuildConfiguration;
			buildSettings = {
				ASSETCATALOG_COMPILER_APPICON_NAME = AppIcon;
				ASSETCATALOG_COMPILER_GLOBAL_ACCENT_COLOR_NAME = AccentColor;
				CODE_SIGN_STYLE = Automatic;
				CURRENT_PROJECT_VERSION = 1;
				GENERATE_INFOPLIST_FILE = YES;
				INFOPLIST_FILE = sensei.ia/Info.plist;
				INFOPLIST_KEY_UIApplicationSupportsIndirectInputEvents = YES;
				INFOPLIST_KEY_UILaunchStoryboardName = LaunchScreen;
				INFOPLIST_KEY_UIMainStoryboardFile = Main;
				INFOPLIST_KEY_UISupportedInterfaceOrientations_iPad = "UIInterfaceOrientationPortrait UIInterfaceOrientationPortraitUpsideDown UIInterfaceOrientationLandscapeLeft UIInterfaceOrientationLandscapeRight";
				INFOPLIST_KEY_UISupportedInterfaceOrientations_iPhone = "UIInterfaceOrientationPortrait UIInterfaceOrientationLandscapeLeft UIInterfaceOrientationLandscapeRight";
				LD_RUNPATH_SEARCH_PATHS = (
					"$(inherited)",
					"@executable_path/Frameworks",
				);
				MARKETING_VERSION = 1.0;
				PRODUCT_BUNDLE_IDENTIFIER = "com.fiap.sensei-ia";
				PRODUCT_NAME = "$(TARGET_NAME)";
				SWIFT_EMIT_LOC_STRINGS = YES;
				SWIFT_VERSION = 5.0;
				TARGETED_DEVICE_FAMILY = "1,2";
			};
			name = Release;
		};
		9044476C2BE9A804006E67B2 /* Debug */ = {
			isa = XCBuildConfiguration;
			buildSettings = {
				ALWAYS_EMBED_SWIFT_STANDARD_LIBRARIES = YES;
				BUNDLE_LOADER = "$(TEST_HOST)";
				CODE_SIGN_STYLE = Automatic;
				CURRENT_PROJECT_VERSION = 1;
				GENERATE_INFOPLIST_FILE = YES;
				IPHONEOS_DEPLOYMENT_TARGET = 17.4;
				MARKETING_VERSION = 1.0;
				PRODUCT_BUNDLE_IDENTIFIER = "com.fiap.sensei-iaTests";
				PRODUCT_NAME = "$(TARGET_NAME)";
				SWIFT_EMIT_LOC_STRINGS = NO;
				SWIFT_VERSION = 5.0;
				TARGETED_DEVICE_FAMILY = "1,2";
				TEST_HOST = "$(BUILT_PRODUCTS_DIR)/sensei.ia.app/$(BUNDLE_EXECUTABLE_FOLDER_PATH)/sensei.ia";
			};
			name = Debug;
		};
		9044476D2BE9A804006E67B2 /* Release */ = {
			isa = XCBuildConfiguration;
			buildSettings = {
				ALWAYS_EMBED_SWIFT_STANDARD_LIBRARIES = YES;
				BUNDLE_LOADER = "$(TEST_HOST)";
				CODE_SIGN_STYLE = Automatic;
				CURRENT_PROJECT_VERSION = 1;
				GENERATE_INFOPLIST_FILE = YES;
				IPHONEOS_DEPLOYMENT_TARGET = 17.4;
				MARKETING_VERSION = 1.0;
				PRODUCT_BUNDLE_IDENTIFIER = "com.fiap.sensei-iaTests";
				PRODUCT_NAME = "$(TARGET_NAME)";
				SWIFT_EMIT_LOC_STRINGS = NO;
				SWIFT_VERSION = 5.0;
				TARGETED_DEVICE_FAMILY = "1,2";
				TEST_HOST = "$(BUILT_PRODUCTS_DIR)/sensei.ia.app/$(BUNDLE_EXECUTABLE_FOLDER_PATH)/sensei.ia";
			};
			name = Release;
		};
		9044476F2BE9A804006E67B2 /* Debug */ = {
			isa = XCBuildConfiguration;
			buildSettings = {
				ALWAYS_EMBED_SWIFT_STANDARD_LIBRARIES = YES;
				CODE_SIGN_STYLE = Automatic;
				CURRENT_PROJECT_VERSION = 1;
				GENERATE_INFOPLIST_FILE = YES;
				MARKETING_VERSION = 1.0;
				PRODUCT_BUNDLE_IDENTIFIER = "com.fiap.sensei-iaUITests";
				PRODUCT_NAME = "$(TARGET_NAME)";
				SWIFT_EMIT_LOC_STRINGS = NO;
				SWIFT_VERSION = 5.0;
				TARGETED_DEVICE_FAMILY = "1,2";
				TEST_TARGET_NAME = sensei.ia;
			};
			name = Debug;
		};
		904447702BE9A804006E67B2 /* Release */ = {
			isa = XCBuildConfiguration;
			buildSettings = {
				ALWAYS_EMBED_SWIFT_STANDARD_LIBRARIES = YES;
				CODE_SIGN_STYLE = Automatic;
				CURRENT_PROJECT_VERSION = 1;
				GENERATE_INFOPLIST_FILE = YES;
				MARKETING_VERSION = 1.0;
				PRODUCT_BUNDLE_IDENTIFIER = "com.fiap.sensei-iaUITests";
				PRODUCT_NAME = "$(TARGET_NAME)";
				SWIFT_EMIT_LOC_STRINGS = NO;
				SWIFT_VERSION = 5.0;
				TARGETED_DEVICE_FAMILY = "1,2";
				TEST_TARGET_NAME = sensei.ia;
			};
			name = Release;
		};
/* End XCBuildConfiguration section */

/* Begin XCConfigurationList section */
		904447392BE9A803006E67B2 /* Build configuration list for PBXProject "sensei.ia" */ = {
			isa = XCConfigurationList;
			buildConfigurations = (
				904447662BE9A804006E67B2 /* Debug */,
				904447672BE9A804006E67B2 /* Release */,
			);
			defaultConfigurationIsVisible = 0;
			defaultConfigurationName = Release;
		};
		904447682BE9A804006E67B2 /* Build configuration list for PBXNativeTarget "sensei.ia" */ = {
			isa = XCConfigurationList;
			buildConfigurations = (
				904447692BE9A804006E67B2 /* Debug */,
				9044476A2BE9A804006E67B2 /* Release */,
			);
			defaultConfigurationIsVisible = 0;
			defaultConfigurationName = Release;
		};
		9044476B2BE9A804006E67B2 /* Build configuration list for PBXNativeTarget "sensei.iaTests" */ = {
			isa = XCConfigurationList;
			buildConfigurations = (
				9044476C2BE9A804006E67B2 /* Debug */,
				9044476D2BE9A804006E67B2 /* Release */,
			);
			defaultConfigurationIsVisible = 0;
			defaultConfigurationName = Release;
		};
		9044476E2BE9A804006E67B2 /* Build configuration list for PBXNativeTarget "sensei.iaUITests" */ = {
			isa = XCConfigurationList;
			buildConfigurations = (
				9044476F2BE9A804006E67B2 /* Debug */,
				904447702BE9A804006E67B2 /* Release */,
			);
			defaultConfigurationIsVisible = 0;
			defaultConfigurationName = Release;
		};
/* End XCConfigurationList section */

/* Begin XCRemoteSwiftPackageReference section */
		904447772BE9B5CC006E67B2 /* XCRemoteSwiftPackageReference "firebase-ios-sdk" */ = {
			isa = XCRemoteSwiftPackageReference;
			repositoryURL = "https://github.com/firebase/firebase-ios-sdk";
			requirement = {
				kind = upToNextMajorVersion;
				minimumVersion = 10.25.0;
			};
		};
/* End XCRemoteSwiftPackageReference section */

/* Begin XCSwiftPackageProductDependency section */
		904447782BE9B5CC006E67B2 /* FirebaseAuth */ = {
			isa = XCSwiftPackageProductDependency;
			package = 904447772BE9B5CC006E67B2 /* XCRemoteSwiftPackageReference "firebase-ios-sdk" */;
			productName = FirebaseAuth;
		};
/* End XCSwiftPackageProductDependency section */
	};
	rootObject = 904447362BE9A803006E67B2 /* Project object */;
}
